
Microsoft Visual Studio Solution File, Format Version 12.00
# Visual Studio Version 17
VisualStudioVersion = 17.5.33627.172
MinimumVisualStudioVersion = 10.0.40219.1
Project("{FAE04EC0-301F-11D3-BF4B-00C04F79EFBC}") = "EC-Medicines-Store", "EC-Medicines-Store\EC-Medicines-Store.csproj", "{2A8E1590-6C1D-4EC4-BD5D-00A6B3BABB97}"
EndProject
Global
	GlobalSection(SolutionConfigurationPlatforms) = preSolution
		Debug|Any CPU = Debug|Any CPU
		Release|Any CPU = Release|Any CPU
	EndGlobalSection
	GlobalSection(ProjectConfigurationPlatforms) = postSolution
		{2A8E1590-6C1D-4EC4-BD5D-00A6B3BABB97}.Debug|Any CPU.ActiveCfg = Debug|Any CPU
		{2A8E1590-6C1D-4EC4-BD5D-00A6B3BABB97}.Debug|Any CPU.Build.0 = Debug|Any CPU
		{2A8E1590-6C1D-4EC4-BD5D-00A6B3BABB97}.Release|Any CPU.ActiveCfg = Release|Any CPU
		{2A8E1590-6C1D-4EC4-BD5D-00A6B3BABB97}.Release|Any CPU.Build.0 = Release|Any CPU
	EndGlobalSection
	GlobalSection(SolutionProperties) = preSolution
		HideSolutionNode = FALSE
	EndGlobalSection
	GlobalSection(ExtensibilityGlobals) = postSolution
		SolutionGuid = {B1C9A925-EA53-4ACC-9A37-CDB5C2DF422B}
	EndGlobalSection
EndGlobal
